
Microsoft Visual Studio Solution File, Format Version 12.00
# Visual Studio Version 17
VisualStudioVersion = 17.4.33213.308
MinimumVisualStudioVersion = 10.0.40219.1
Project("{FAE04EC0-301F-11D3-BF4B-00C04F79EFBC}") = "Vending Machine", "Vending Machine\Vending Machine.csproj", "{A97BE0B9-FD40-4FC6-AC1B-FDCD993FD789}"
EndProject
Global
	GlobalSection(SolutionConfigurationPlatforms) = preSolution
		Debug|Any CPU = Debug|Any CPU
		Release|Any CPU = Release|Any CPU
	EndGlobalSection
	GlobalSection(ProjectConfigurationPlatforms) = postSolution
		{A97BE0B9-FD40-4FC6-AC1B-FDCD993FD789}.Debug|Any CPU.ActiveCfg = Debug|Any CPU
		{A97BE0B9-FD40-4FC6-AC1B-FDCD993FD789}.Debug|Any CPU.Build.0 = Debug|Any CPU
		{A97BE0B9-FD40-4FC6-AC1B-FDCD993FD789}.Release|Any CPU.ActiveCfg = Release|Any CPU
		{A97BE0B9-FD40-4FC6-AC1B-FDCD993FD789}.Release|Any CPU.Build.0 = Release|Any CPU
	EndGlobalSection
	GlobalSection(SolutionProperties) = preSolution
		HideSolutionNode = FALSE
	EndGlobalSection
	GlobalSection(ExtensibilityGlobals) = postSolution
		SolutionGuid = {9492534E-5D31-4BEC-AEB1-8D60AB023432}
	EndGlobalSection
EndGlobal
